Microsoft Visual Studio Solution File, Format Version 8.00
Project("{8BC9CEB8-8B4A-11D0-8D11-00A0C91BC942}") = "FFService", "FFService\FlashFolder.vcproj", "{2881FFBC-05A4-4513-A17D-290A22ACE6EA}"
	ProjectSection(ProjectDependencies) = postProject
		{3057F62D-451E-4507-A8B2-A7E625070EAC} = {3057F62D-451E-4507-A8B2-A7E625070EAC}
	EndProjectSection
EndProject
Project("{8BC9CEB8-8B4A-11D0-8D11-00A0C91BC942}") = "FFLib", "fflib\fflib.vcproj", "{3057F62D-451E-4507-A8B2-A7E625070EAC}"
	ProjectSection(ProjectDependencies) = postProject
	EndProjectSection
EndProject
Project("{8BC9CEB8-8B4A-11D0-8D11-00A0C91BC942}") = "Installer", "Installer\Installer.vcproj", "{6C8C287F-5433-4E11-8FC6-7D96BF4A8595}"
	ProjectSection(ProjectDependencies) = postProject
		{C0CEF810-20AE-41FF-ABAF-FEC874FE4B0C} = {C0CEF810-20AE-41FF-ABAF-FEC874FE4B0C}
		{3057F62D-451E-4507-A8B2-A7E625070EAC} = {3057F62D-451E-4507-A8B2-A7E625070EAC}
		{2881FFBC-05A4-4513-A17D-290A22ACE6EA} = {2881FFBC-05A4-4513-A17D-290A22ACE6EA}
	EndProjectSection
EndProject
Project("{8BC9CEB8-8B4A-11D0-8D11-00A0C91BC942}") = "FFConfig", "FFConfig\FFConfig.vcproj", "{C0CEF810-20AE-41FF-ABAF-FEC874FE4B0C}"
	ProjectSection(ProjectDependencies) = postProject
	EndProjectSection
EndProject
Project("{8BC9CEB8-8B4A-11D0-8D11-00A0C91BC942}") = "TestGui", "TestGui\TestGui.vcproj", "{E514AF89-F51D-4931-9771-DEEC73419ADE}"
	ProjectSection(ProjectDependencies) = postProject
	EndProjectSection
EndProject
Global
	GlobalSection(SolutionConfiguration) = preSolution
		ANSI Debug = ANSI Debug
		ANSI Release = ANSI Release
		Unicode Debug = Unicode Debug
		Unicode Debug Symbols = Unicode Debug Symbols
		Unicode Release = Unicode Release
	EndGlobalSection
	GlobalSection(ProjectConfiguration) = postSolution
		{2881FFBC-05A4-4513-A17D-290A22ACE6EA}.ANSI Debug.ActiveCfg = ANSI Debug|Win32
		{2881FFBC-05A4-4513-A17D-290A22ACE6EA}.ANSI Debug.Build.0 = ANSI Debug|Win32
		{2881FFBC-05A4-4513-A17D-290A22ACE6EA}.ANSI Release.ActiveCfg = ANSI Release|Win32
		{2881FFBC-05A4-4513-A17D-290A22ACE6EA}.ANSI Release.Build.0 = ANSI Release|Win32
		{2881FFBC-05A4-4513-A17D-290A22ACE6EA}.Unicode Debug.ActiveCfg = Unicode Debug|Win32
		{2881FFBC-05A4-4513-A17D-290A22ACE6EA}.Unicode Debug.Build.0 = Unicode Debug|Win32
		{2881FFBC-05A4-4513-A17D-290A22ACE6EA}.Unicode Debug Symbols.ActiveCfg = Unicode Debug Symbols|Win32
		{2881FFBC-05A4-4513-A17D-290A22ACE6EA}.Unicode Debug Symbols.Build.0 = Unicode Debug Symbols|Win32
		{2881FFBC-05A4-4513-A17D-290A22ACE6EA}.Unicode Release.ActiveCfg = Unicode Release|Win32
		{2881FFBC-05A4-4513-A17D-290A22ACE6EA}.Unicode Release.Build.0 = Unicode Release|Win32
		{3057F62D-451E-4507-A8B2-A7E625070EAC}.ANSI Debug.ActiveCfg = ANSI Debug|Win32
		{3057F62D-451E-4507-A8B2-A7E625070EAC}.ANSI Debug.Build.0 = ANSI Debug|Win32
		{3057F62D-451E-4507-A8B2-A7E625070EAC}.ANSI Release.ActiveCfg = ANSI Release|Win32
		{3057F62D-451E-4507-A8B2-A7E625070EAC}.ANSI Release.Build.0 = ANSI Release|Win32
		{3057F62D-451E-4507-A8B2-A7E625070EAC}.Unicode Debug.ActiveCfg = Unicode Debug|Win32
		{3057F62D-451E-4507-A8B2-A7E625070EAC}.Unicode Debug.Build.0 = Unicode Debug|Win32
		{3057F62D-451E-4507-A8B2-A7E625070EAC}.Unicode Debug Symbols.ActiveCfg = Unicode Debug Symbols|Win32
		{3057F62D-451E-4507-A8B2-A7E625070EAC}.Unicode Debug Symbols.Build.0 = Unicode Debug Symbols|Win32
		{3057F62D-451E-4507-A8B2-A7E625070EAC}.Unicode Release.ActiveCfg = Unicode Release|Win32
		{3057F62D-451E-4507-A8B2-A7E625070EAC}.Unicode Release.Build.0 = Unicode Release|Win32
		{6C8C287F-5433-4E11-8FC6-7D96BF4A8595}.ANSI Debug.ActiveCfg = ANSI Debug|Win32
		{6C8C287F-5433-4E11-8FC6-7D96BF4A8595}.ANSI Debug.Build.0 = ANSI Debug|Win32
		{6C8C287F-5433-4E11-8FC6-7D96BF4A8595}.ANSI Release.ActiveCfg = ANSI Release|Win32
		{6C8C287F-5433-4E11-8FC6-7D96BF4A8595}.ANSI Release.Build.0 = ANSI Release|Win32
		{6C8C287F-5433-4E11-8FC6-7D96BF4A8595}.Unicode Debug.ActiveCfg = Unicode Debug|Win32
		{6C8C287F-5433-4E11-8FC6-7D96BF4A8595}.Unicode Debug.Build.0 = Unicode Debug|Win32
		{6C8C287F-5433-4E11-8FC6-7D96BF4A8595}.Unicode Debug Symbols.ActiveCfg = Unicode Debug Symbols|Win32
		{6C8C287F-5433-4E11-8FC6-7D96BF4A8595}.Unicode Debug Symbols.Build.0 = Unicode Debug Symbols|Win32
		{6C8C287F-5433-4E11-8FC6-7D96BF4A8595}.Unicode Release.ActiveCfg = Unicode Release|Win32
		{6C8C287F-5433-4E11-8FC6-7D96BF4A8595}.Unicode Release.Build.0 = Unicode Release|Win32
		{C0CEF810-20AE-41FF-ABAF-FEC874FE4B0C}.ANSI Debug.ActiveCfg = ANSI Debug|Win32
		{C0CEF810-20AE-41FF-ABAF-FEC874FE4B0C}.ANSI Debug.Build.0 = ANSI Debug|Win32
		{C0CEF810-20AE-41FF-ABAF-FEC874FE4B0C}.ANSI Release.ActiveCfg = ANSI Release|Win32
		{C0CEF810-20AE-41FF-ABAF-FEC874FE4B0C}.ANSI Release.Build.0 = ANSI Release|Win32
		{C0CEF810-20AE-41FF-ABAF-FEC874FE4B0C}.Unicode Debug.ActiveCfg = Unicode Debug|Win32
		{C0CEF810-20AE-41FF-ABAF-FEC874FE4B0C}.Unicode Debug.Build.0 = Unicode Debug|Win32
		{C0CEF810-20AE-41FF-ABAF-FEC874FE4B0C}.Unicode Debug Symbols.ActiveCfg = Unicode Debug Symbols|Win32
		{C0CEF810-20AE-41FF-ABAF-FEC874FE4B0C}.Unicode Debug Symbols.Build.0 = Unicode Debug Symbols|Win32
		{C0CEF810-20AE-41FF-ABAF-FEC874FE4B0C}.Unicode Release.ActiveCfg = Unicode Release|Win32
		{C0CEF810-20AE-41FF-ABAF-FEC874FE4B0C}.Unicode Release.Build.0 = Unicode Release|Win32
		{E514AF89-F51D-4931-9771-DEEC73419ADE}.ANSI Debug.ActiveCfg = ANSI Debug|Win32
		{E514AF89-F51D-4931-9771-DEEC73419ADE}.ANSI Debug.Build.0 = ANSI Debug|Win32
		{E514AF89-F51D-4931-9771-DEEC73419ADE}.ANSI Release.ActiveCfg = ANSI Release|Win32
		{E514AF89-F51D-4931-9771-DEEC73419ADE}.ANSI Release.Build.0 = ANSI Release|Win32
		{E514AF89-F51D-4931-9771-DEEC73419ADE}.Unicode Debug.ActiveCfg = Unicode Debug|Win32
		{E514AF89-F51D-4931-9771-DEEC73419ADE}.Unicode Debug.Build.0 = Unicode Debug|Win32
		{E514AF89-F51D-4931-9771-DEEC73419ADE}.Unicode Debug Symbols.ActiveCfg = Unicode Debug Symbols|Win32
		{E514AF89-F51D-4931-9771-DEEC73419ADE}.Unicode Debug Symbols.Build.0 = Unicode Debug Symbols|Win32
		{E514AF89-F51D-4931-9771-DEEC73419ADE}.Unicode Release.ActiveCfg = Unicode Release|Win32
		{E514AF89-F51D-4931-9771-DEEC73419ADE}.Unicode Release.Build.0 = Unicode Release|Win32
	EndGlobalSection
	GlobalSection(ExtensibilityGlobals) = postSolution
	EndGlobalSection
	GlobalSection(ExtensibilityAddIns) = postSolution
	EndGlobalSection
EndGlobal
